<?xml version="1.0" encoding="utf-8"?>
<Project ToolsVersion="4.0" xmlns="http://schemas.microsoft.com/developer/msbuild/2003">
  <ItemGroup>
    <Filter Include="DBServer">
      <UniqueIdentifier>{4FC737F1-C7A5-4376-A066-2A32D752A2FF}</UniqueIdentifier>
      <Extensions>cpp;c;cc;cxx;c++;cppm;ixx;def;odl;idl;hpj;bat;asm;asmx</Extensions>
    </Filter>
    <Filter Include="main">
      <UniqueIdentifier>{378eca9e-e6cb-49fb-b159-fbe1636b9565}</UniqueIdentifier>
    </Filter>
    <Filter Include="Utility">
      <UniqueIdentifier>{bdef62ae-27fb-47aa-b860-4d3a2b032167}</UniqueIdentifier>
    </Filter>
    <Filter Include="Utility\Network">
      <UniqueIdentifier>{573cd804-f7f4-4f3a-824c-4e85c9e1ca16}</UniqueIdentifier>
    </Filter>
    <Filter Include="Header">
      <UniqueIdentifier>{c87e156d-3eeb-4495-9145-842d50a578cb}</UniqueIdentifier>
    </Filter>
  </ItemGroup>
  <ItemGroup>
    <ClCompile Include="main.cpp">
      <Filter>main</Filter>
    </ClCompile>
    <ClCompile Include="DBServer.cpp">
      <Filter>DBServer</Filter>
    </ClCompile>
  </ItemGroup>
  <ItemGroup>
    <ClInclude Include="DBServer.h">
      <Filter>DBServer</Filter>
    </ClInclude>
    <ClInclude Include="..\server\DataType.h">
      <Filter>Header</Filter>
    </ClInclude>
    <ClInclude Include="..\server\Protocol.h">
      <Filter>Header</Filter>
    </ClInclude>
    <ClInclude Include="..\server\WinSocketHeader.h">
      <Filter>Header</Filter>
    </ClInclude>
  </ItemGroup>
</Project>